
Microsoft Visual Studio Solution File, Format Version 12.00
# Visual Studio Version 16
VisualStudioVersion = 16.0.29905.134
MinimumVisualStudioVersion = 10.0.40219.1
Project("{2150E333-8FDC-42A3-9474-1A3956D46DE8}") = "Src", "Src", "{0B30CA69-9A80-4D16-91E6-CAD87BA561EC}"
EndProject
Project("{2150E333-8FDC-42A3-9474-1A3956D46DE8}") = "Site", "Site", "{9892C3D4-CADE-459A-9640-913A9BA16399}"
EndProject
Project("{9A19103F-16F7-4668-BE54-9A1E7A4F7556}") = "ExampleSite", "Site\ExampleSite\ExampleSite.csproj", "{F34D99A3-E012-4E79-BDA7-BC74F15C85F5}"
EndProject
Project("{9A19103F-16F7-4668-BE54-9A1E7A4F7556}") = "UIBlazor", "Src\UIBlazor\UIBlazor.csproj", "{B427EA25-0134-4BFB-903B-5B3B2E298A82}"
EndProject
Global
	GlobalSection(SolutionConfigurationPlatforms) = preSolution
		Debug|Any CPU = Debug|Any CPU
		Release|Any CPU = Release|Any CPU
	EndGlobalSection
	GlobalSection(ProjectConfigurationPlatforms) = postSolution
		{F34D99A3-E012-4E79-BDA7-BC74F15C85F5}.Debug|Any CPU.ActiveCfg = Debug|Any CPU
		{F34D99A3-E012-4E79-BDA7-BC74F15C85F5}.Debug|Any CPU.Build.0 = Debug|Any CPU
		{F34D99A3-E012-4E79-BDA7-BC74F15C85F5}.Release|Any CPU.ActiveCfg = Release|Any CPU
		{F34D99A3-E012-4E79-BDA7-BC74F15C85F5}.Release|Any CPU.Build.0 = Release|Any CPU
		{B427EA25-0134-4BFB-903B-5B3B2E298A82}.Debug|Any CPU.ActiveCfg = Debug|Any CPU
		{B427EA25-0134-4BFB-903B-5B3B2E298A82}.Debug|Any CPU.Build.0 = Debug|Any CPU
		{B427EA25-0134-4BFB-903B-5B3B2E298A82}.Release|Any CPU.ActiveCfg = Release|Any CPU
		{B427EA25-0134-4BFB-903B-5B3B2E298A82}.Release|Any CPU.Build.0 = Release|Any CPU
	EndGlobalSection
	GlobalSection(SolutionProperties) = preSolution
		HideSolutionNode = FALSE
	EndGlobalSection
	GlobalSection(NestedProjects) = preSolution
		{F34D99A3-E012-4E79-BDA7-BC74F15C85F5} = {9892C3D4-CADE-459A-9640-913A9BA16399}
		{B427EA25-0134-4BFB-903B-5B3B2E298A82} = {0B30CA69-9A80-4D16-91E6-CAD87BA561EC}
	EndGlobalSection
	GlobalSection(ExtensibilityGlobals) = postSolution
		SolutionGuid = {C34DB10A-57F8-4A75-831E-2186B2DFBF19}
	EndGlobalSection
EndGlobal
